// !$*UTF8*$!
{
	archiveVersion = 1;
	classes = {
	};
	objectVersion = 50;
	objects = {

/* Begin PBXBuildFile section */
		B2AB3E5C33F9638118CE5ED5 /* Pods_SkyWalker.framework in Frameworks */ = {isa = PBXBuildFile; fileRef = 125A688C784052BE2B4EE74D /* Pods_SkyWalker.framework */; };
		F12D9E9D20C929C800483EDC /* AppDelegate.swift in Sources */ = {isa = PBXBuildFile; fileRef = F12D9E9C20C929C800483EDC /* AppDelegate.swift */; };
		F12D9EA220C929C800483EDC /* Main.storyboard in Resources */ = {isa = PBXBuildFile; fileRef = F12D9EA020C929C800483EDC /* Main.storyboard */; };
		F12D9EA420C929C900483EDC /* Assets.xcassets in Resources */ = {isa = PBXBuildFile; fileRef = F12D9EA320C929C900483EDC /* Assets.xcassets */; };
		F12D9EA720C929C900483EDC /* LaunchScreen.storyboard in Resources */ = {isa = PBXBuildFile; fileRef = F12D9EA520C929C900483EDC /* LaunchScreen.storyboard */; };
		F12D9EAF20C92E2700483EDC /* MainViewController.swift in Sources */ = {isa = PBXBuildFile; fileRef = F12D9EAE20C92E2700483EDC /* MainViewController.swift */; };
/* End PBXBuildFile section */

/* Begin PBXFileReference section */
		0583289C7DE8429ACDEB7692 /* Pods-SkyWalker.release.xcconfig */ = {isa = PBXFileReference; includeInIndex = 1; lastKnownFileType = text.xcconfig; name = "Pods-SkyWalker.release.xcconfig"; path = "Pods/Target Support Files/Pods-SkyWalker/Pods-SkyWalker.release.xcconfig"; sourceTree = "<group>"; };
		125A688C784052BE2B4EE74D /* Pods_SkyWalker.framework */ = {isa = PBXFileReference; explicitFileType = wrapper.framework; includeInIndex = 0; path = Pods_SkyWalker.framework; sourceTree = BUILT_PRODUCTS_DIR; };
		9D05F7F3036CC595F4D14914 /* Pods-SkyWalker.debug.xcconfig */ = {isa = PBXFileReference; includeInIndex = 1; lastKnownFileType = text.xcconfig; name = "Pods-SkyWalker.debug.xcconfig"; path = "Pods/Target Support Files/Pods-SkyWalker/Pods-SkyWalker.debug.xcconfig"; sourceTree = "<group>"; };
		F12D9E9920C929C800483EDC /* SkyWalker.app */ = {isa = PBXFileReference; explicitFileType = wrapper.application; includeInIndex = 0; path = SkyWalker.app; sourceTree = BUILT_PRODUCTS_DIR; };
		F12D9E9C20C929C800483EDC /* AppDelegate.swift */ = {isa = PBXFileReference; lastKnownFileType = sourcecode.swift; path = AppDelegate.swift; sourceTree = "<group>"; };
		F12D9EA120C929C800483EDC /* Base */ = {isa = PBXFileReference; lastKnownFileType = file.storyboard; name = Base; path = Base.lproj/Main.storyboard; sourceTree = "<group>"; };
		F12D9EA320C929C900483EDC /* Assets.xcassets */ = {isa = PBXFileReference; lastKnownFileType = folder.assetcatalog; path = Assets.xcassets; sourceTree = "<group>"; };
		F12D9EA620C929C900483EDC /* Base */ = {isa = PBXFileReference; lastKnownFileType = file.storyboard; name = Base; path = Base.lproj/LaunchScreen.storyboard; sourceTree = "<group>"; };
		F12D9EA820C929C900483EDC /* Info.plist */ = {isa = PBXFileReference; lastKnownFileType = text.plist.xml; path = Info.plist; sourceTree = "<group>"; };
		F12D9EAE20C92E2700483EDC /* MainViewController.swift */ = {isa = PBXFileReference; lastKnownFileType = sourcecode.swift; path = MainViewController.swift; sourceTree = "<group>"; };
		F12D9EB020C9307500483EDC /* SkyWalker-Bridging-Header.h */ = {isa = PBXFileReference; lastKnownFileType = sourcecode.c.h; path = "SkyWalker-Bridging-Header.h"; sourceTree = "<group>"; };
/* End PBXFileReference section */

/* Begin PBXFrameworksBuildPhase section */
		F12D9E9620C929C800483EDC /* Frameworks */ = {
			isa = PBXFrameworksBuildPhase;
			buildActionMask = 2147483647;
			files = (
				B2AB3E5C33F9638118CE5ED5 /* Pods_SkyWalker.framework in Frameworks */,
			);
			runOnlyForDeploymentPostprocessing = 0;
		};
/* End PBXFrameworksBuildPhase section */

/* Begin PBXGroup section */
		64585146604BA82A3189E113 /* Frameworks */ = {
			isa = PBXGroup;
			children = (
				125A688C784052BE2B4EE74D /* Pods_SkyWalker.framework */,
			);
			name = Frameworks;
			sourceTree = "<group>";
		};
		818FFA46C6965109EA51DDE7 /* Pods */ = {
			isa = PBXGroup;
			children = (
				9D05F7F3036CC595F4D14914 /* Pods-SkyWalker.debug.xcconfig */,
				0583289C7DE8429ACDEB7692 /* Pods-SkyWalker.release.xcconfig */,
			);
			name = Pods;
			sourceTree = "<group>";
		};
		F12D9E9020C929C800483EDC = {
			isa = PBXGroup;
			children = (
				F12D9E9B20C929C800483EDC /* SkyWalker */,
				F12D9E9A20C929C800483EDC /* Products */,
				818FFA46C6965109EA51DDE7 /* Pods */,
				64585146604BA82A3189E113 /* Frameworks */,
			);
			sourceTree = "<group>";
		};
		F12D9E9A20C929C800483EDC /* Products */ = {
			isa = PBXGroup;
			children = (
				F12D9E9920C929C800483EDC /* SkyWalker.app */,
			);
			name = Products;
			sourceTree = "<group>";
		};
		F12D9E9B20C929C800483EDC /* SkyWalker */ = {
			isa = PBXGroup;
			children = (
				F12D9E9C20C929C800483EDC /* AppDelegate.swift */,
				F12D9EAE20C92E2700483EDC /* MainViewController.swift */,
				F12D9EA020C929C800483EDC /* Main.storyboard */,
				F12D9EA320C929C900483EDC /* Assets.xcassets */,
				F12D9EA520C929C900483EDC /* LaunchScreen.storyboard */,
				F12D9EA820C929C900483EDC /* Info.plist */,
				F12D9EB020C9307500483EDC /* SkyWalker-Bridging-Header.h */,
			);
			path = SkyWalker;
			sourceTree = "<group>";
		};
/* End PBXGroup section */

/* Begin PBXNativeTarget section */
		F12D9E9820C929C800483EDC /* SkyWalker */ = {
			isa = PBXNativeTarget;
			buildConfigurationList = F12D9EAB20C929C900483EDC /* Build configuration list for PBXNativeTarget "SkyWalker" */;
			buildPhases = (
				B3F9CDD93597F878276A0380 /* [CP] Check Pods Manifest.lock */,
				F12D9E9520C929C800483EDC /* Sources */,
				F12D9E9620C929C800483EDC /* Frameworks */,
				F12D9E9720C929C800483EDC /* Resources */,
				F5E6CC6433A4A532C03A3EA2 /* [CP] Embed Pods Frameworks */,
				EDF06628CCB12B000B8AA970 /* [CP] Copy Pods Resources */,
			);
			buildRules = (
			);
			dependencies = (
			);
			name = SkyWalker;
			productName = SkyWalker;
			productReference = F12D9E9920C929C800483EDC /* SkyWalker.app */;
			productType = "com.apple.product-type.application";
		};
/* End PBXNativeTarget section */

/* Begin PBXProject section */
		F12D9E9120C929C800483EDC /* Project object */ = {
			isa = PBXProject;
			attributes = {
				LastSwiftUpdateCheck = 0930;
				LastUpgradeCheck = 0930;
				ORGANIZATIONNAME = "杨烁";
				TargetAttributes = {
					F12D9E9820C929C800483EDC = {
						CreatedOnToolsVersion = 9.3.1;
					};
				};
			};
			buildConfigurationList = F12D9E9420C929C800483EDC /* Build configuration list for PBXProject "SkyWalker" */;
			compatibilityVersion = "Xcode 9.3";
			developmentRegion = en;
			hasScannedForEncodings = 0;
			knownRegions = (
				en,
				Base,
			);
			mainGroup = F12D9E9020C929C800483EDC;
			productRefGroup = F12D9E9A20C929C800483EDC /* Products */;
			projectDirPath = "";
			projectRoot = "";
			targets = (
				F12D9E9820C929C800483EDC /* SkyWalker */,
			);
		};
/* End PBXProject section */

/* Begin PBXResourcesBuildPhase section */
		F12D9E9720C929C800483EDC /* Resources */ = {
			isa = PBXResourcesBuildPhase;
			buildActionMask = 2147483647;
			files = (
				F12D9EA720C929C900483EDC /* LaunchScreen.storyboard in Resources */,
				F12D9EA420C929C900483EDC /* Assets.xcassets in Resources */,
				F12D9EA220C929C800483EDC /* Main.storyboard in Resources */,
			);
			runOnlyForDeploymentPostprocessing = 0;
		};
/* End PBXResourcesBuildPhase section */

/* Begin PBXShellScriptBuildPhase section */
		B3F9CDD93597F878276A0380 /* [CP] Check Pods Manifest.lock */ = {
			isa = PBXShellScriptBuildPhase;
			buildActionMask = 2147483647;
			files = (
			);
			inputPaths = (
				"${PODS_PODFILE_DIR_PATH}/Podfile.lock",
				"${PODS_ROOT}/Manifest.lock",
			);
			name = "[CP] Check Pods Manifest.lock";
			outputPaths = (
				"$(DERIVED_FILE_DIR)/Pods-SkyWalker-checkManifestLockResult.txt",
			);
			runOnlyForDeploymentPostprocessing = 0;
			shellPath = /bin/sh;
			shellScript = "diff \"${PODS_PODFILE_DIR_PATH}/Podfile.lock\" \"${PODS_ROOT}/Manifest.lock\" > /dev/null\nif [ $? != 0 ] ; then\n    # print error to STDERR\n    echo \"error: The sandbox is not in sync with the Podfile.lock. Run 'pod install' or update your CocoaPods installation.\" >&2\n    exit 1\nfi\n# This output is used by Xcode 'outputs' to avoid re-running this script phase.\necho \"SUCCESS\" > \"${SCRIPT_OUTPUT_FILE_0}\"\n";
			showEnvVarsInLog = 0;
		};
		EDF06628CCB12B000B8AA970 /* [CP] Copy Pods Resources */ = {
			isa = PBXShellScriptBuildPhase;
			buildActionMask = 2147483647;
			files = (
			);
			inputPaths = (
				"${SRCROOT}/Pods/Target Support Files/Pods-SkyWalker/Pods-SkyWalker-resources.sh",
				"${PODS_ROOT}/AMap2DMap/MAMapKit.framework/AMap.bundle",
			);
			name = "[CP] Copy Pods Resources";
			outputPaths = (
				"${TARGET_BUILD_DIR}/${UNLOCALIZED_RESOURCES_FOLDER_PATH}/AMap.bundle",
			);
			runOnlyForDeploymentPostprocessing = 0;
			shellPath = /bin/sh;
			shellScript = "\"${SRCROOT}/Pods/Target Support Files/Pods-SkyWalker/Pods-SkyWalker-resources.sh\"\n";
			showEnvVarsInLog = 0;
		};
		F5E6CC6433A4A532C03A3EA2 /* [CP] Embed Pods Frameworks */ = {
			isa = PBXShellScriptBuildPhase;
			buildActionMask = 2147483647;
			files = (
			);
			inputPaths = (
				"${SRCROOT}/Pods/Target Support Files/Pods-SkyWalker/Pods-SkyWalker-frameworks.sh",
				"${BUILT_PRODUCTS_DIR}/Alamofire/Alamofire.framework",
				"${BUILT_PRODUCTS_DIR}/AlamofireObjectMapper/AlamofireObjectMapper.framework",
				"${BUILT_PRODUCTS_DIR}/Kingfisher/Kingfisher.framework",
				"${BUILT_PRODUCTS_DIR}/MJRefresh/MJRefresh.framework",
				"${BUILT_PRODUCTS_DIR}/ObjectMapper/ObjectMapper.framework",
				"${BUILT_PRODUCTS_DIR}/SVProgressHUD/SVProgressHUD.framework",
				"${BUILT_PRODUCTS_DIR}/SnapKit/SnapKit.framework",
			);
			name = "[CP] Embed Pods Frameworks";
			outputPaths = (
				"${TARGET_BUILD_DIR}/${FRAMEWORKS_FOLDER_PATH}/Alamofire.framework",
				"${TARGET_BUILD_DIR}/${FRAMEWORKS_FOLDER_PATH}/AlamofireObjectMapper.framework",
				"${TARGET_BUILD_DIR}/${FRAMEWORKS_FOLDER_PATH}/Kingfisher.framework",
				"${TARGET_BUILD_DIR}/${FRAMEWORKS_FOLDER_PATH}/MJRefresh.framework",
				"${TARGET_BUILD_DIR}/${FRAMEWORKS_FOLDER_PATH}/ObjectMapper.framework",
				"${TARGET_BUILD_DIR}/${FRAMEWORKS_FOLDER_PATH}/SVProgressHUD.framework",
				"${TARGET_BUILD_DIR}/${FRAMEWORKS_FOLDER_PATH}/SnapKit.framework",
			);
			runOnlyForDeploymentPostprocessing = 0;
			shellPath = /bin/sh;
			shellScript = "\"${SRCROOT}/Pods/Target Support Files/Pods-SkyWalker/Pods-SkyWalker-frameworks.sh\"\n";
			showEnvVarsInLog = 0;
		};
/* End PBXShellScriptBuildPhase section */

/* Begin PBXSourcesBuildPhase section */
		F12D9E9520C929C800483EDC /* Sources */ = {
			isa = PBXSourcesBuildPhase;
			buildActionMask = 2147483647;
			files = (
				F12D9EAF20C92E2700483EDC /* MainViewController.swift in Sources */,
				F12D9E9D20C929C800483EDC /* AppDelegate.swift in Sources */,
			);
			runOnlyForDeploymentPostprocessing = 0;
		};
/* End PBXSourcesBuildPhase section */

/* Begin PBXVariantGroup section */
		F12D9EA020C929C800483EDC /* Main.storyboard */ = {
			isa = PBXVariantGroup;
			children = (
				F12D9EA120C929C800483EDC /* Base */,
			);
			name = Main.storyboard;
			sourceTree = "<group>";
		};
		F12D9EA520C929C900483EDC /* LaunchScreen.storyboard */ = {
			isa = PBXVariantGroup;
			children = (
				F12D9EA620C929C900483EDC /* Base */,
			);
			name = LaunchScreen.storyboard;
			sourceTree = "<group>";
		};
/* End PBXVariantGroup section */

/* Begin XCBuildConfiguration section */
		F12D9EA920C929C900483EDC /* Debug */ = {
			isa = XCBuildConfiguration;
			buildSettings = {
				ALWAYS_SEARCH_USER_PATHS = NO;
				CLANG_ANALYZER_NONNULL = YES;
				CLANG_ANALYZER_NUMBER_OBJECT_CONVERSION = YES_AGGRESSIVE;
				CLANG_CXX_LANGUAGE_STANDARD = "gnu++14";
				CLANG_CXX_LIBRARY = "libc++";
				CLANG_ENABLE_MODULES = YES;
				CLANG_ENABLE_OBJC_ARC = YES;
				CLANG_ENABLE_OBJC_WEAK = YES;
				CLANG_WARN_BLOCK_CAPTURE_AUTORELEASING = YES;
				CLANG_WARN_BOOL_CONVERSION = YES;
				CLANG_WARN_COMMA = YES;
				CLANG_WARN_CONSTANT_CONVERSION = YES;
				CLANG_WARN_DEPRECATED_OBJC_IMPLEMENTATIONS = YES;
				CLANG_WARN_DIRECT_OBJC_ISA_USAGE = YES_ERROR;
				CLANG_WARN_DOCUMENTATION_COMMENTS = YES;
				CLANG_WARN_EMPTY_BODY = YES;
				CLANG_WARN_ENUM_CONVERSION = YES;
				CLANG_WARN_INFINITE_RECURSION = YES;
				CLANG_WARN_INT_CONVERSION = YES;
				CLANG_WARN_NON_LITERAL_NULL_CONVERSION = YES;
				CLANG_WARN_OBJC_IMPLICIT_RETAIN_SELF = YES;
				CLANG_WARN_OBJC_LITERAL_CONVERSION = YES;
				CLANG_WARN_OBJC_ROOT_CLASS = YES_ERROR;
				CLANG_WARN_RANGE_LOOP_ANALYSIS = YES;
				CLANG_WARN_STRICT_PROTOTYPES = YES;
				CLANG_WARN_SUSPICIOUS_MOVE = YES;
				CLANG_WARN_UNGUARDED_AVAILABILITY = YES_AGGRESSIVE;
				CLANG_WARN_UNREACHABLE_CODE = YES;
				CLANG_WARN__DUPLICATE_METHOD_MATCH = YES;
				CODE_SIGN_IDENTITY = "iPhone Developer";
				COPY_PHASE_STRIP = NO;
				DEBUG_INFORMATION_FORMAT = dwarf;
				ENABLE_STRICT_OBJC_MSGSEND = YES;
				ENABLE_TESTABILITY = YES;
				GCC_C_LANGUAGE_STANDARD = gnu11;
				GCC_DYNAMIC_NO_PIC = NO;
				GCC_NO_COMMON_BLOCKS = YES;
				GCC_OPTIMIZATION_LEVEL = 0;
				GCC_PREPROCESSOR_DEFINITIONS = (
					"DEBUG=1",
					"$(inherited)",
				);
				GCC_WARN_64_TO_32_BIT_CONVERSION = YES;
				GCC_WARN_ABOUT_RETURN_TYPE = YES_ERROR;
				GCC_WARN_UNDECLARED_SELECTOR = YES;
				GCC_WARN_UNINITIALIZED_AUTOS = YES_AGGRESSIVE;
				GCC_WARN_UNUSED_FUNCTION = YES;
				GCC_WARN_UNUSED_VARIABLE = YES;
				IPHONEOS_DEPLOYMENT_TARGET = 11.3;
				MTL_ENABLE_DEBUG_INFO = YES;
				ONLY_ACTIVE_ARCH = YES;
				SDKROOT = iphoneos;
				SWIFT_ACTIVE_COMPILATION_CONDITIONS = DEBUG;
				SWIFT_OPTIMIZATION_LEVEL = "-Onone";
			};
			name = Debug;
		};
		F12D9EAA20C929C900483EDC /* Release */ = {
			isa = XCBuildConfiguration;
			buildSettings = {
				ALWAYS_SEARCH_USER_PATHS = NO;
				CLANG_ANALYZER_NONNULL = YES;
				CLANG_ANALYZER_NUMBER_OBJECT_CONVERSION = YES_AGGRESSIVE;
				CLANG_CXX_LANGUAGE_STANDARD = "gnu++14";
				CLANG_CXX_LIBRARY = "libc++";
				CLANG_ENABLE_MODULES = YES;
				CLANG_ENABLE_OBJC_ARC = YES;
				CLANG_ENABLE_OBJC_WEAK = YES;
				CLANG_WARN_BLOCK_CAPTURE_AUTORELEASING = YES;
				CLANG_WARN_BOOL_CONVERSION = YES;
				CLANG_WARN_COMMA = YES;
				CLANG_WARN_CONSTANT_CONVERSION = YES;
				CLANG_WARN_DEPRECATED_OBJC_IMPLEMENTATIONS = YES;
				CLANG_WARN_DIRECT_OBJC_ISA_USAGE = YES_ERROR;
				CLANG_WARN_DOCUMENTATION_COMMENTS = YES;
				CLANG_WARN_EMPTY_BODY = YES;
				CLANG_WARN_ENUM_CONVERSION = YES;
				CLANG_WARN_INFINITE_RECURSION = YES;
				CLANG_WARN_INT_CONVERSION = YES;
				CLANG_WARN_NON_LITERAL_NULL_CONVERSION = YES;
				CLANG_WARN_OBJC_IMPLICIT_RETAIN_SELF = YES;
				CLANG_WARN_OBJC_LITERAL_CONVERSION = YES;
				CLANG_WARN_OBJC_ROOT_CLASS = YES_ERROR;
				CLANG_WARN_RANGE_LOOP_ANALYSIS = YES;
				CLANG_WARN_STRICT_PROTOTYPES = YES;
				CLANG_WARN_SUSPICIOUS_MOVE = YES;
				CLANG_WARN_UNGUARDED_AVAILABILITY = YES_AGGRESSIVE;
				CLANG_WARN_UNREACHABLE_CODE = YES;
				CLANG_WARN__DUPLICATE_METHOD_MATCH = YES;
				CODE_SIGN_IDENTITY = "iPhone Developer";
				COPY_PHASE_STRIP = NO;
				DEBUG_INFORMATION_FORMAT = "dwarf-with-dsym";
				ENABLE_NS_ASSERTIONS = NO;
				ENABLE_STRICT_OBJC_MSGSEND = YES;
				GCC_C_LANGUAGE_STANDARD = gnu11;
				GCC_NO_COMMON_BLOCKS = YES;
				GCC_WARN_64_TO_32_BIT_CONVERSION = YES;
				GCC_WARN_ABOUT_RETURN_TYPE = YES_ERROR;
				GCC_WARN_UNDECLARED_SELECTOR = YES;
				GCC_WARN_UNINITIALIZED_AUTOS = YES_AGGRESSIVE;
				GCC_WARN_UNUSED_FUNCTION = YES;
				GCC_WARN_UNUSED_VARIABLE = YES;
				IPHONEOS_DEPLOYMENT_TARGET = 11.3;
				MTL_ENABLE_DEBUG_INFO = NO;
				SDKROOT = iphoneos;
				SWIFT_COMPILATION_MODE = wholemodule;
				SWIFT_OPTIMIZATION_LEVEL = "-O";
				VALIDATE_PRODUCT = YES;
			};
			name = Release;
		};
		F12D9EAC20C929C900483EDC /* Debug */ = {
			isa = XCBuildConfiguration;
			baseConfigurationReference = 9D05F7F3036CC595F4D14914 /* Pods-SkyWalker.debug.xcconfig */;
			buildSettings = {
				ASSETCATALOG_COMPILER_APPICON_NAME = AppIcon;
				ASSETCATALOG_COMPILER_LAUNCHIMAGE_NAME = LaunchImage;
				CODE_SIGN_STYLE = Automatic;
				DEVELOPMENT_TEAM = NKTH3379KW;
				INFOPLIST_FILE = SkyWalker/Info.plist;
				LD_RUNPATH_SEARCH_PATHS = (
					"$(inherited)",
					"@executable_path/Frameworks",
				);
				PRODUCT_BUNDLE_IDENTIFIER = com.meetFresh.SkyWalker;
				PRODUCT_NAME = "$(TARGET_NAME)";
				SWIFT_OBJC_BRIDGING_HEADER = "./SkyWalker/SkyWalker-Bridging-Header.h";
				SWIFT_VERSION = 3.0;
				TARGETED_DEVICE_FAMILY = 1;
			};
			name = Debug;
		};
		F12D9EAD20C929C900483EDC /* Release */ = {
			isa = XCBuildConfiguration;
			baseConfigurationReference = 0583289C7DE8429ACDEB7692 /* Pods-SkyWalker.release.xcconfig */;
			buildSettings = {
				ASSETCATALOG_COMPILER_APPICON_NAME = AppIcon;
				ASSETCATALOG_COMPILER_LAUNCHIMAGE_NAME = LaunchImage;
				CODE_SIGN_STYLE = Automatic;
				DEVELOPMENT_TEAM = NKTH3379KW;
				INFOPLIST_FILE = SkyWalker/Info.plist;
				LD_RUNPATH_SEARCH_PATHS = (
					"$(inherited)",
					"@executable_path/Frameworks",
				);
				PRODUCT_BUNDLE_IDENTIFIER = com.meetFresh.SkyWalker;
				PRODUCT_NAME = "$(TARGET_NAME)";
				SWIFT_OBJC_BRIDGING_HEADER = "./SkyWalker/SkyWalker-Bridging-Header.h";
				SWIFT_VERSION = 3.0;
				TARGETED_DEVICE_FAMILY = 1;
			};
			name = Release;
		};
/* End XCBuildConfiguration section */

/* Begin XCConfigurationList section */
		F12D9E9420C929C800483EDC /* Build configuration list for PBXProject "SkyWalker" */ = {
			isa = XCConfigurationList;
			buildConfigurations = (
				F12D9EA920C929C900483EDC /* Debug */,
				F12D9EAA20C929C900483EDC /* Release */,
			);
			defaultConfigurationIsVisible = 0;
			defaultConfigurationName = Release;
		};
		F12D9EAB20C929C900483EDC /* Build configuration list for PBXNativeTarget "SkyWalker" */ = {
			isa = XCConfigurationList;
			buildConfigurations = (
				F12D9EAC20C929C900483EDC /* Debug */,
				F12D9EAD20C929C900483EDC /* Release */,
			);
			defaultConfigurationIsVisible = 0;
			defaultConfigurationName = Release;
		};
/* End XCConfigurationList section */
	};
	rootObject = F12D9E9120C929C800483EDC /* Project object */;
}
